
Microsoft Visual Studio Solution File, Format Version 12.00
# Visual Studio Version 17
VisualStudioVersion = 17.8.34322.80
MinimumVisualStudioVersion = 10.0.40219.1
Project("{FAE04EC0-301F-11D3-BF4B-00C04F79EFBC}") = "Fuckery", "Fuckery.csproj", "{4A7160A1-3F09-442A-97B3-B7D95E85256E}"
EndProject
Global
	GlobalSection(SolutionConfigurationPlatforms) = preSolution
		Debug|Any CPU = Debug|Any CPU
		Release|Any CPU = Release|Any CPU
	EndGlobalSection
	GlobalSection(ProjectConfigurationPlatforms) = postSolution
		{4A7160A1-3F09-442A-97B3-B7D95E85256E}.Debug|Any CPU.ActiveCfg = Debug|Any CPU
		{4A7160A1-3F09-442A-97B3-B7D95E85256E}.Debug|Any CPU.Build.0 = Debug|Any CPU
		{4A7160A1-3F09-442A-97B3-B7D95E85256E}.Release|Any CPU.ActiveCfg = Release|Any CPU
		{4A7160A1-3F09-442A-97B3-B7D95E85256E}.Release|Any CPU.Build.0 = Release|Any CPU
	EndGlobalSection
	GlobalSection(SolutionProperties) = preSolution
		HideSolutionNode = FALSE
	EndGlobalSection
	GlobalSection(ExtensibilityGlobals) = postSolution
		SolutionGuid = {A74FF39E-8D07-4FCC-8E7E-D45E0CA39F08}
	EndGlobalSection
EndGlobal
